
Microsoft Visual Studio Solution File, Format Version 12.00
# Visual Studio Version 16
VisualStudioVersion = 16.0.30413.136
MinimumVisualStudioVersion = 10.0.40219.1
Project("{FAE04EC0-301F-11D3-BF4B-00C04F79EFBC}") = "Delivery Check", "Delivery Check\Delivery Check.csproj", "{99A8FFBF-1C13-4242-818C-67D21768FC2B}"
EndProject
Global
	GlobalSection(SolutionConfigurationPlatforms) = preSolution
		Crypt|Any CPU = Crypt|Any CPU
		Debug|Any CPU = Debug|Any CPU
		Release|Any CPU = Release|Any CPU
	EndGlobalSection
	GlobalSection(ProjectConfigurationPlatforms) = postSolution
		{99A8FFBF-1C13-4242-818C-67D21768FC2B}.Crypt|Any CPU.ActiveCfg = Crypt|Any CPU
		{99A8FFBF-1C13-4242-818C-67D21768FC2B}.Crypt|Any CPU.Build.0 = Crypt|Any CPU
		{99A8FFBF-1C13-4242-818C-67D21768FC2B}.Debug|Any CPU.ActiveCfg = Debug|Any CPU
		{99A8FFBF-1C13-4242-818C-67D21768FC2B}.Debug|Any CPU.Build.0 = Debug|Any CPU
		{99A8FFBF-1C13-4242-818C-67D21768FC2B}.Release|Any CPU.ActiveCfg = Release|Any CPU
		{99A8FFBF-1C13-4242-818C-67D21768FC2B}.Release|Any CPU.Build.0 = Release|Any CPU
	EndGlobalSection
	GlobalSection(SolutionProperties) = preSolution
		HideSolutionNode = FALSE
	EndGlobalSection
	GlobalSection(ExtensibilityGlobals) = postSolution
		SolutionGuid = {8DDE3407-F918-40C1-A128-E42AFCA0FEB1}
	EndGlobalSection
EndGlobal
